
Microsoft Visual Studio Solution File, Format Version 12.00
# Visual Studio Version 17
VisualStudioVersion = 17.8.34316.72
MinimumVisualStudioVersion = 10.0.40219.1
Project("{FAE04EC0-301F-11D3-BF4B-00C04F79EFBC}") = "Assignment2", "Assignment2\Assignment2.csproj", "{9063315E-3079-42FF-B037-F018879FB16C}"
EndProject
Global
	GlobalSection(SolutionConfigurationPlatforms) = preSolution
		Debug|Any CPU = Debug|Any CPU
		Release|Any CPU = Release|Any CPU
	EndGlobalSection
	GlobalSection(ProjectConfigurationPlatforms) = postSolution
		{9063315E-3079-42FF-B037-F018879FB16C}.Debug|Any CPU.ActiveCfg = Debug|Any CPU
		{9063315E-3079-42FF-B037-F018879FB16C}.Debug|Any CPU.Build.0 = Debug|Any CPU
		{9063315E-3079-42FF-B037-F018879FB16C}.Release|Any CPU.ActiveCfg = Release|Any CPU
		{9063315E-3079-42FF-B037-F018879FB16C}.Release|Any CPU.Build.0 = Release|Any CPU
	EndGlobalSection
	GlobalSection(SolutionProperties) = preSolution
		HideSolutionNode = FALSE
	EndGlobalSection
	GlobalSection(ExtensibilityGlobals) = postSolution
		SolutionGuid = {A02623EC-A201-4A71-B059-9FEBEFE5E533}
	EndGlobalSection
EndGlobal
